{
  "name": "diarama",
  "version": "1.0.0",
  "lockfileVersion": 2,
  "requires": true,
  "packages": {
    "": {
      "name": "diarama",
      "version": "1.0.0",
      "dependencies": {
        "@arcgis/core": "^4.24",
        "@esri/calcite-components": "^1.0.0-beta.80",
        "idb": "^7.0.1",
        "simplex-noise": "^3.0.1",
        "tslib": "^2.3.1",
        "typescript": "^4.3.2",
        "vite": "^2.6.14"
      },
      "devDependencies": {
        "@types/sortablejs": "^1.10.7",
        "sass": "^1.49.8"
      }
    },
    "node_modules/@a11y/focus-trap": {
      "version": "1.0.5",
      "license": "MIT"
    },
    "node_modules/@arcgis/core": {
      "version": "4.24.7",
      "resolved": "https://registry.npmjs.org/@arcgis/core/-/core-4.24.7.tgz",
      "integrity": "sha512-uDkF4/3zOOFDzFEXxAaENhtz7hhkmOw71R96rfVPjqIfRxd2HxgrpNlrjXI8xYC2ub8rRpBZ6WmxlvaCn/zu7Q==",
      "dependencies": {
        "@esri/arcgis-html-sanitizer": "~2.10.0",
        "@esri/calcite-colors": "~6.0.1",
        "@esri/calcite-components": "1.0.0-beta.82",
        "@popperjs/core": "~2.11.5",
        "focus-trap": "~6.9.4",
        "luxon": "~2.4.0",
        "sortablejs": "~1.15.0"
      }
    },
    "node_modules/@esri/arcgis-html-sanitizer": {
      "version": "2.10.0",
      "resolved": "https://registry.npmjs.org/@esri/arcgis-html-sanitizer/-/arcgis-html-sanitizer-2.10.0.tgz",
      "integrity": "sha512-OGrczx3sbszMVQESGdZf2BaZL/oGMm+wuFgF6od50ff0WThjiJDTxi5SXIleRF6QQVFywsab3sFbQ77Q/gSzsg==",
      "dependencies": {
        "lodash.isplainobject": "^4.0.6",
        "xss": "^1.0.11"
      }
    },
    "node_modules/@esri/calcite-colors": {
      "version": "6.0.1",
      "license": "SEE LICENSE IN README.md"
    },
    "node_modules/@esri/calcite-components": {
      "version": "1.0.0-beta.82",
      "resolved": "https://registry.npmjs.org/@esri/calcite-components/-/calcite-components-1.0.0-beta.82.tgz",
      "integrity": "sha512-wAJeEZ4g/TiJ4J6z/GO9YQFSFubQERCWEo71jr2xLmegxEQIYHL3AvJaLmp0IBsr2tVzRG1TN2PVuew4ljp8WA==",
      "dependencies": {
        "@a11y/focus-trap": "1.0.5",
        "@popperjs/core": "2.11.5",
        "@stencil/core": "2.15.1",
        "@types/color": "3.0.3",
        "color": "4.2.3",
        "form-request-submit-polyfill": "2.0.0",
        "lodash-es": "4.17.21",
        "sortablejs": "1.15.0"
      }
    },
    "node_modules/@esri/calcite-components/node_modules/@popperjs/core": {
      "version": "2.11.5",
      "resolved": "https://registry.npmjs.org/@popperjs/core/-/core-2.11.5.tgz",
      "integrity": "sha512-9X2obfABZuDVLCgPK9aX0a/x4jaOEweTTWE2+9sr0Qqqevj2Uv5XorvusThmc9XGYpS9yI+fhh8RTafBtGposw==",
      "funding": {
        "type": "opencollective",
        "url": "https://opencollective.com/popperjs"
      }
    },
    "node_modules/@popperjs/core": {
      "version": "2.11.6",
      "resolved": "https://registry.npmjs.org/@popperjs/core/-/core-2.11.6.tgz",
      "integrity": "sha512-50/17A98tWUfQ176raKiOGXuYpLyyVMkxxG6oylzL3BPOlA6ADGdK7EYunSa4I064xerltq9TGXs8HmOk5E+vw==",
      "funding": {
        "type": "opencollective",
        "url": "https://opencollective.com/popperjs"
      }
    },
    "node_modules/@stencil/core": {
      "version": "2.15.1",
      "resolved": "https://registry.npmjs.org/@stencil/core/-/core-2.15.1.tgz",
      "integrity": "sha512-NYjRwQnjzscyFfqK+iIwRdr/dgYn33u6KE7kyQWdi7xsCkqMHalXYgJlN/QBQ9PN3qXmXKeBrJNG8EkNdCbK5g==",
      "bin": {
        "stencil": "bin/stencil"
      },
      "engines": {
        "node": ">=12.10.0",
        "npm": ">=6.0.0"
      }
    },
    "node_modules/@types/color": {
      "version": "3.0.3",
      "license": "MIT",
      "dependencies": {
        "@types/color-convert": "*"
      }
    },
    "node_modules/@types/color-convert": {
      "version": "2.0.0",
      "license": "MIT",
      "dependencies": {
        "@types/color-name": "*"
      }
    },
    "node_modules/@types/color-name": {
      "version": "1.1.1",
      "license": "MIT"
    },
    "node_modules/@types/sortablejs": {
      "version": "1.10.7",
      "dev": true,
      "license": "MIT"
    },
    "node_modules/anymatch": {
      "version": "3.1.2",
      "devOptional": true,
      "license": "ISC",
      "dependencies": {
        "normalize-path": "^3.0.0",
        "picomatch": "^2.0.4"
      },
      "engines": {
        "node": ">= 8"
      }
    },
    "node_modules/binary-extensions": {
      "version": "2.2.0",
      "devOptional": true,
      "license": "MIT",
      "engines": {
        "node": ">=8"
      }
    },
    "node_modules/braces": {
      "version": "3.0.2",
      "devOptional": true,
      "license": "MIT",
      "dependencies": {
        "fill-range": "^7.0.1"
      },
      "engines": {
        "node": ">=8"
      }
    },
    "node_modules/chokidar": {
      "version": "3.5.3",
      "devOptional": true,
      "funding": [
        {
          "type": "individual",
          "url": "https://paulmillr.com/funding/"
        }
      ],
      "license": "MIT",
      "dependencies": {
        "anymatch": "~3.1.2",
        "braces": "~3.0.2",
        "glob-parent": "~5.1.2",
        "is-binary-path": "~2.1.0",
        "is-glob": "~4.0.1",
        "normalize-path": "~3.0.0",
        "readdirp": "~3.6.0"
      },
      "engines": {
        "node": ">= 8.10.0"
      },
      "optionalDependencies": {
        "fsevents": "~2.3.2"
      }
    },
    "node_modules/color": {
      "version": "4.2.3",
      "resolved": "https://registry.npmjs.org/color/-/color-4.2.3.tgz",
      "integrity": "sha512-1rXeuUUiGGrykh+CeBdu5Ie7OJwinCgQY0bc7GCRxy5xVHy+moaqkpL/jqQq0MtQOeYcrqEz4abc5f0KtU7W4A==",
      "dependencies": {
        "color-convert": "^2.0.1",
        "color-string": "^1.9.0"
      },
      "engines": {
        "node": ">=12.5.0"
      }
    },
    "node_modules/color-convert": {
      "version": "2.0.1",
      "resolved": "https://registry.npmjs.org/color-convert/-/color-convert-2.0.1.tgz",
      "integrity": "sha512-RRECPsj7iu/xb5oKYcsFHSppFNnsj/52OVTRKb4zP5onXwVF3zVmmToNcOfGC+CRDpfK/U584fMg38ZHCaElKQ==",
      "dependencies": {
        "color-name": "~1.1.4"
      },
      "engines": {
        "node": ">=7.0.0"
      }
    },
    "node_modules/color-name": {
      "version": "1.1.4",
      "resolved": "https://registry.npmjs.org/color-name/-/color-name-1.1.4.tgz",
      "integrity": "sha512-dOy+3AuW3a2wNbZHIuMZpTcgjGuLU/uBL/ubcZF9OXbDo8ff4O8yVp5Bf0efS8uEoYo5q4Fx7dY9OgQGXgAsQA=="
    },
    "node_modules/color-string": {
      "version": "1.9.1",
      "resolved": "https://registry.npmjs.org/color-string/-/color-string-1.9.1.tgz",
      "integrity": "sha512-shrVawQFojnZv6xM40anx4CkoDP+fZsw/ZerEMsW/pyzsRbElpsL/DBVW7q3ExxwusdNXI3lXpuhEZkzs8p5Eg==",
      "dependencies": {
        "color-name": "^1.0.0",
        "simple-swizzle": "^0.2.2"
      }
    },
    "node_modules/commander": {
      "version": "2.20.3",
      "resolved": "https://registry.npmjs.org/commander/-/commander-2.20.3.tgz",
      "integrity": "sha512-GpVkmM8vF2vQUkj2LvZmD35JxeJOLCwJ9cUkugyk2nuhbv3+mJvpLYYt+0+USMxE+oj+ey/lJEnhZw75x/OMcQ=="
    },
    "node_modules/cssfilter": {
      "version": "0.0.10",
      "resolved": "https://registry.npmjs.org/cssfilter/-/cssfilter-0.0.10.tgz",
      "integrity": "sha1-xtJnJjKi5cg+AT5oZKQs6N79IK4="
    },
    "node_modules/esbuild": {
      "version": "0.14.27",
      "hasInstallScript": true,
      "license": "MIT",
      "bin": {
        "esbuild": "bin/esbuild"
      },
      "engines": {
        "node": ">=12"
      },
      "optionalDependencies": {
        "esbuild-android-64": "0.14.27",
        "esbuild-android-arm64": "0.14.27",
        "esbuild-darwin-64": "0.14.27",
        "esbuild-darwin-arm64": "0.14.27",
        "esbuild-freebsd-64": "0.14.27",
        "esbuild-freebsd-arm64": "0.14.27",
        "esbuild-linux-32": "0.14.27",
        "esbuild-linux-64": "0.14.27",
        "esbuild-linux-arm": "0.14.27",
        "esbuild-linux-arm64": "0.14.27",
        "esbuild-linux-mips64le": "0.14.27",
        "esbuild-linux-ppc64le": "0.14.27",
        "esbuild-linux-riscv64": "0.14.27",
        "esbuild-linux-s390x": "0.14.27",
        "esbuild-netbsd-64": "0.14.27",
        "esbuild-openbsd-64": "0.14.27",
        "esbuild-sunos-64": "0.14.27",
        "esbuild-windows-32": "0.14.27",
        "esbuild-windows-64": "0.14.27",
        "esbuild-windows-arm64": "0.14.27"
      }
    },
    "node_modules/esbuild-darwin-64": {
      "version": "0.14.27",
      "cpu": [
        "x64"
      ],
      "license": "MIT",
      "optional": true,
      "os": [
        "darwin"
      ],
      "engines": {
        "node": ">=12"
      }
    },
    "node_modules/fill-range": {
      "version": "7.0.1",
      "devOptional": true,
      "license": "MIT",
      "dependencies": {
        "to-regex-range": "^5.0.1"
      },
      "engines": {
        "node": ">=8"
      }
    },
    "node_modules/focus-trap": {
      "version": "6.9.4",
      "resolved": "https://registry.npmjs.org/focus-trap/-/focus-trap-6.9.4.tgz",
      "integrity": "sha512-v2NTsZe2FF59Y+sDykKY+XjqZ0cPfhq/hikWVL88BqLivnNiEffAsac6rP6H45ff9wG9LL5ToiDqrLEP9GX9mw==",
      "dependencies": {
        "tabbable": "^5.3.3"
      }
    },
    "node_modules/form-request-submit-polyfill": {
      "version": "2.0.0",
      "license": "MIT"
    },
    "node_modules/fsevents": {
      "version": "2.3.2",
      "license": "MIT",
      "optional": true,
      "os": [
        "darwin"
      ],
      "engines": {
        "node": "^8.16.0 || ^10.6.0 || >=11.0.0"
      }
    },
    "node_modules/function-bind": {
      "version": "1.1.1",
      "license": "MIT"
    },
    "node_modules/glob-parent": {
      "version": "5.1.2",
      "devOptional": true,
      "license": "ISC",
      "dependencies": {
        "is-glob": "^4.0.1"
      },
      "engines": {
        "node": ">= 6"
      }
    },
    "node_modules/has": {
      "version": "1.0.3",
      "license": "MIT",
      "dependencies": {
        "function-bind": "^1.1.1"
      },
      "engines": {
        "node": ">= 0.4.0"
      }
    },
    "node_modules/idb": {
      "version": "7.0.1",
      "resolved": "https://registry.npmjs.org/idb/-/idb-7.0.1.tgz",
      "integrity": "sha512-UUxlE7vGWK5RfB/fDwEGgRf84DY/ieqNha6msMV99UsEMQhJ1RwbCd8AYBj3QMgnE3VZnfQvm4oKVCJTYlqIgg=="
    },
    "node_modules/immutable": {
      "version": "4.0.0",
      "devOptional": true,
      "license": "MIT"
    },
    "node_modules/is-arrayish": {
      "version": "0.3.2",
      "resolved": "https://registry.npmjs.org/is-arrayish/-/is-arrayish-0.3.2.tgz",
      "integrity": "sha512-eVRqCvVlZbuw3GrM63ovNSNAeA1K16kaR/LRY/92w0zxQ5/1YzwblUX652i4Xs9RwAGjW9d9y6X88t8OaAJfWQ=="
    },
    "node_modules/is-binary-path": {
      "version": "2.1.0",
      "devOptional": true,
      "license": "MIT",
      "dependencies": {
        "binary-extensions": "^2.0.0"
      },
      "engines": {
        "node": ">=8"
      }
    },
    "node_modules/is-core-module": {
      "version": "2.8.1",
      "license": "MIT",
      "dependencies": {
        "has": "^1.0.3"
      },
      "funding": {
        "url": "https://github.com/sponsors/ljharb"
      }
    },
    "node_modules/is-extglob": {
      "version": "2.1.1",
      "devOptional": true,
      "license": "MIT",
      "engines": {
        "node": ">=0.10.0"
      }
    },
    "node_modules/is-glob": {
      "version": "4.0.3",
      "devOptional": true,
      "license": "MIT",
      "dependencies": {
        "is-extglob": "^2.1.1"
      },
      "engines": {
        "node": ">=0.10.0"
      }
    },
    "node_modules/is-number": {
      "version": "7.0.0",
      "devOptional": true,
      "license": "MIT",
      "engines": {
        "node": ">=0.12.0"
      }
    },
    "node_modules/lodash-es": {
      "version": "4.17.21",
      "license": "MIT"
    },
    "node_modules/lodash.isplainobject": {
      "version": "4.0.6",
      "resolved": "https://registry.npmjs.org/lodash.isplainobject/-/lodash.isplainobject-4.0.6.tgz",
      "integrity": "sha1-fFJqUtibRcRcxpC4gWO+BJf1UMs="
    },
    "node_modules/luxon": {
      "version": "2.4.0",
      "resolved": "https://registry.npmjs.org/luxon/-/luxon-2.4.0.tgz",
      "integrity": "sha512-w+NAwWOUL5hO0SgwOHsMBAmZ15SoknmQXhSO0hIbJCAmPKSsGeK8MlmhYh2w6Iib38IxN2M+/ooXWLbeis7GuA==",
      "engines": {
        "node": ">=12"
      }
    },
    "node_modules/nanoid": {
      "version": "3.3.1",
      "license": "MIT",
      "bin": {
        "nanoid": "bin/nanoid.cjs"
      },
      "engines": {
        "node": "^10 || ^12 || ^13.7 || ^14 || >=15.0.1"
      }
    },
    "node_modules/normalize-path": {
      "version": "3.0.0",
      "devOptional": true,
      "license": "MIT",
      "engines": {
        "node": ">=0.10.0"
      }
    },
    "node_modules/path-parse": {
      "version": "1.0.7",
      "license": "MIT"
    },
    "node_modules/picocolors": {
      "version": "1.0.0",
      "license": "ISC"
    },
    "node_modules/picomatch": {
      "version": "2.3.1",
      "devOptional": true,
      "license": "MIT",
      "engines": {
        "node": ">=8.6"
      },
      "funding": {
        "url": "https://github.com/sponsors/jonschlinkert"
      }
    },
    "node_modules/postcss": {
      "version": "8.4.11",
      "funding": [
        {
          "type": "opencollective",
          "url": "https://opencollective.com/postcss"
        },
        {
          "type": "tidelift",
          "url": "https://tidelift.com/funding/github/npm/postcss"
        }
      ],
      "license": "MIT",
      "dependencies": {
        "nanoid": "^3.3.1",
        "picocolors": "^1.0.0",
        "source-map-js": "^1.0.2"
      },
      "engines": {
        "node": "^10 || ^12 || >=14"
      }
    },
    "node_modules/readdirp": {
      "version": "3.6.0",
      "devOptional": true,
      "license": "MIT",
      "dependencies": {
        "picomatch": "^2.2.1"
      },
      "engines": {
        "node": ">=8.10.0"
      }
    },
    "node_modules/resolve": {
      "version": "1.22.0",
      "license": "MIT",
      "dependencies": {
        "is-core-module": "^2.8.1",
        "path-parse": "^1.0.7",
        "supports-preserve-symlinks-flag": "^1.0.0"
      },
      "bin": {
        "resolve": "bin/resolve"
      },
      "funding": {
        "url": "https://github.com/sponsors/ljharb"
      }
    },
    "node_modules/rollup": {
      "version": "2.70.1",
      "license": "MIT",
      "bin": {
        "rollup": "dist/bin/rollup"
      },
      "engines": {
        "node": ">=10.0.0"
      },
      "optionalDependencies": {
        "fsevents": "~2.3.2"
      }
    },
    "node_modules/sass": {
      "version": "1.49.9",
      "devOptional": true,
      "license": "MIT",
      "dependencies": {
        "chokidar": ">=3.0.0 <4.0.0",
        "immutable": "^4.0.0",
        "source-map-js": ">=0.6.2 <2.0.0"
      },
      "bin": {
        "sass": "sass.js"
      },
      "engines": {
        "node": ">=12.0.0"
      }
    },
    "node_modules/simple-swizzle": {
      "version": "0.2.2",
      "resolved": "https://registry.npmjs.org/simple-swizzle/-/simple-swizzle-0.2.2.tgz",
      "integrity": "sha512-JA//kQgZtbuY83m+xT+tXJkmJncGMTFT+C+g2h2R9uxkYIrE2yy9sgmcLhCnw57/WSD+Eh3J97FPEDFnbXnDUg==",
      "dependencies": {
        "is-arrayish": "^0.3.1"
      }
    },
    "node_modules/simplex-noise": {
      "version": "3.0.1",
      "license": "MIT"
    },
    "node_modules/sortablejs": {
      "version": "1.15.0",
      "resolved": "https://registry.npmjs.org/sortablejs/-/sortablejs-1.15.0.tgz",
      "integrity": "sha512-bv9qgVMjUMf89wAvM6AxVvS/4MX3sPeN0+agqShejLU5z5GX4C75ow1O2e5k4L6XItUyAK3gH6AxSbXrOM5e8w=="
    },
    "node_modules/source-map-js": {
      "version": "1.0.2",
      "license": "BSD-3-Clause",
      "engines": {
        "node": ">=0.10.0"
      }
    },
    "node_modules/supports-preserve-symlinks-flag": {
      "version": "1.0.0",
      "license": "MIT",
      "engines": {
        "node": ">= 0.4"
      },
      "funding": {
        "url": "https://github.com/sponsors/ljharb"
      }
    },
    "node_modules/tabbable": {
      "version": "5.3.3",
      "resolved": "https://registry.npmjs.org/tabbable/-/tabbable-5.3.3.tgz",
      "integrity": "sha512-QD9qKY3StfbZqWOPLp0++pOrAVb/HbUi5xCc8cUo4XjP19808oaMiDzn0leBY5mCespIBM0CIZePzZjgzR83kA=="
    },
    "node_modules/to-regex-range": {
      "version": "5.0.1",
      "devOptional": true,
      "license": "MIT",
      "dependencies": {
        "is-number": "^7.0.0"
      },
      "engines": {
        "node": ">=8.0"
      }
    },
    "node_modules/tslib": {
      "version": "2.3.1",
      "resolved": "https://registry.npmjs.org/tslib/-/tslib-2.3.1.tgz",
      "integrity": "sha512-77EbyPPpMz+FRFRuAFlWMtmgUWGe9UOG2Z25NqCwiIjRhOf5iKGuzSe5P2w1laq+FkRy4p+PCuVkJSGkzTEKVw=="
    },
    "node_modules/typescript": {
      "version": "4.6.2",
      "license": "Apache-2.0",
      "bin": {
        "tsc": "bin/tsc",
        "tsserver": "bin/tsserver"
      },
      "engines": {
        "node": ">=4.2.0"
      }
    },
    "node_modules/vite": {
      "version": "2.8.6",
      "license": "MIT",
      "dependencies": {
        "esbuild": "^0.14.14",
        "postcss": "^8.4.6",
        "resolve": "^1.22.0",
        "rollup": "^2.59.0"
      },
      "bin": {
        "vite": "bin/vite.js"
      },
      "engines": {
        "node": ">=12.2.0"
      },
      "optionalDependencies": {
        "fsevents": "~2.3.2"
      },
      "peerDependencies": {
        "less": "*",
        "sass": "*",
        "stylus": "*"
      },
      "peerDependenciesMeta": {
        "less": {
          "optional": true
        },
        "sass": {
          "optional": true
        },
        "stylus": {
          "optional": true
        }
      }
    },
    "node_modules/xss": {
      "version": "1.0.11",
      "resolved": "https://registry.npmjs.org/xss/-/xss-1.0.11.tgz",
      "integrity": "sha512-EimjrjThZeK2MO7WKR9mN5ZC1CSqivSl55wvUK5EtU6acf0rzEE1pN+9ZDrFXJ82BRp3JL38pPE6S4o/rpp1zQ==",
      "dependencies": {
        "commander": "^2.20.3",
        "cssfilter": "0.0.10"
      },
      "bin": {
        "xss": "bin/xss"
      },
      "engines": {
        "node": ">= 0.10.0"
      }
    }
  },
  "dependencies": {
    "@a11y/focus-trap": {
      "version": "1.0.5"
    },
    "@arcgis/core": {
      "version": "4.24.7",
      "resolved": "https://registry.npmjs.org/@arcgis/core/-/core-4.24.7.tgz",
      "integrity": "sha512-uDkF4/3zOOFDzFEXxAaENhtz7hhkmOw71R96rfVPjqIfRxd2HxgrpNlrjXI8xYC2ub8rRpBZ6WmxlvaCn/zu7Q==",
      "requires": {
        "@esri/arcgis-html-sanitizer": "~2.10.0",
        "@esri/calcite-colors": "~6.0.1",
        "@esri/calcite-components": "1.0.0-beta.82",
        "@popperjs/core": "~2.11.5",
        "focus-trap": "~6.9.4",
        "luxon": "~2.4.0",
        "sortablejs": "~1.15.0"
      }
    },
    "@esri/arcgis-html-sanitizer": {
      "version": "2.10.0",
      "resolved": "https://registry.npmjs.org/@esri/arcgis-html-sanitizer/-/arcgis-html-sanitizer-2.10.0.tgz",
      "integrity": "sha512-OGrczx3sbszMVQESGdZf2BaZL/oGMm+wuFgF6od50ff0WThjiJDTxi5SXIleRF6QQVFywsab3sFbQ77Q/gSzsg==",
      "requires": {
        "lodash.isplainobject": "^4.0.6",
        "xss": "^1.0.11"
      }
    },
    "@esri/calcite-colors": {
      "version": "6.0.1"
    },
    "@esri/calcite-components": {
      "version": "1.0.0-beta.82",
      "resolved": "https://registry.npmjs.org/@esri/calcite-components/-/calcite-components-1.0.0-beta.82.tgz",
      "integrity": "sha512-wAJeEZ4g/TiJ4J6z/GO9YQFSFubQERCWEo71jr2xLmegxEQIYHL3AvJaLmp0IBsr2tVzRG1TN2PVuew4ljp8WA==",
      "requires": {
        "@a11y/focus-trap": "1.0.5",
        "@popperjs/core": "2.11.5",
        "@stencil/core": "2.15.1",
        "@types/color": "3.0.3",
        "color": "4.2.3",
        "form-request-submit-polyfill": "2.0.0",
        "lodash-es": "4.17.21",
        "sortablejs": "1.15.0"
      },
      "dependencies": {
        "@popperjs/core": {
          "version": "2.11.5",
          "resolved": "https://registry.npmjs.org/@popperjs/core/-/core-2.11.5.tgz",
          "integrity": "sha512-9X2obfABZuDVLCgPK9aX0a/x4jaOEweTTWE2+9sr0Qqqevj2Uv5XorvusThmc9XGYpS9yI+fhh8RTafBtGposw=="
        }
      }
    },
    "@popperjs/core": {
      "version": "2.11.6",
      "resolved": "https://registry.npmjs.org/@popperjs/core/-/core-2.11.6.tgz",
      "integrity": "sha512-50/17A98tWUfQ176raKiOGXuYpLyyVMkxxG6oylzL3BPOlA6ADGdK7EYunSa4I064xerltq9TGXs8HmOk5E+vw=="
    },
    "@stencil/core": {
      "version": "2.15.1",
      "resolved": "https://registry.npmjs.org/@stencil/core/-/core-2.15.1.tgz",
      "integrity": "sha512-NYjRwQnjzscyFfqK+iIwRdr/dgYn33u6KE7kyQWdi7xsCkqMHalXYgJlN/QBQ9PN3qXmXKeBrJNG8EkNdCbK5g=="
    },
    "@types/color": {
      "version": "3.0.3",
      "requires": {
        "@types/color-convert": "*"
      }
    },
    "@types/color-convert": {
      "version": "2.0.0",
      "requires": {
        "@types/color-name": "*"
      }
    },
    "@types/color-name": {
      "version": "1.1.1"
    },
    "@types/sortablejs": {
      "version": "1.10.7",
      "dev": true
    },
    "anymatch": {
      "version": "3.1.2",
      "devOptional": true,
      "requires": {
        "normalize-path": "^3.0.0",
        "picomatch": "^2.0.4"
      }
    },
    "binary-extensions": {
      "version": "2.2.0",
      "devOptional": true
    },
    "braces": {
      "version": "3.0.2",
      "devOptional": true,
      "requires": {
        "fill-range": "^7.0.1"
      }
    },
    "chokidar": {
      "version": "3.5.3",
      "devOptional": true,
      "requires": {
        "anymatch": "~3.1.2",
        "braces": "~3.0.2",
        "fsevents": "~2.3.2",
        "glob-parent": "~5.1.2",
        "is-binary-path": "~2.1.0",
        "is-glob": "~4.0.1",
        "normalize-path": "~3.0.0",
        "readdirp": "~3.6.0"
      }
    },
    "color": {
      "version": "4.2.3",
      "resolved": "https://registry.npmjs.org/color/-/color-4.2.3.tgz",
      "integrity": "sha512-1rXeuUUiGGrykh+CeBdu5Ie7OJwinCgQY0bc7GCRxy5xVHy+moaqkpL/jqQq0MtQOeYcrqEz4abc5f0KtU7W4A==",
      "requires": {
        "color-convert": "^2.0.1",
        "color-string": "^1.9.0"
      }
    },
    "color-convert": {
      "version": "2.0.1",
      "resolved": "https://registry.npmjs.org/color-convert/-/color-convert-2.0.1.tgz",
      "integrity": "sha512-RRECPsj7iu/xb5oKYcsFHSppFNnsj/52OVTRKb4zP5onXwVF3zVmmToNcOfGC+CRDpfK/U584fMg38ZHCaElKQ==",
      "requires": {
        "color-name": "~1.1.4"
      }
    },
    "color-name": {
      "version": "1.1.4",
      "resolved": "https://registry.npmjs.org/color-name/-/color-name-1.1.4.tgz",
      "integrity": "sha512-dOy+3AuW3a2wNbZHIuMZpTcgjGuLU/uBL/ubcZF9OXbDo8ff4O8yVp5Bf0efS8uEoYo5q4Fx7dY9OgQGXgAsQA=="
    },
    "color-string": {
      "version": "1.9.1",
      "resolved": "https://registry.npmjs.org/color-string/-/color-string-1.9.1.tgz",
      "integrity": "sha512-shrVawQFojnZv6xM40anx4CkoDP+fZsw/ZerEMsW/pyzsRbElpsL/DBVW7q3ExxwusdNXI3lXpuhEZkzs8p5Eg==",
      "requires": {
        "color-name": "^1.0.0",
        "simple-swizzle": "^0.2.2"
      }
    },
    "commander": {
      "version": "2.20.3",
      "resolved": "https://registry.npmjs.org/commander/-/commander-2.20.3.tgz",
      "integrity": "sha512-GpVkmM8vF2vQUkj2LvZmD35JxeJOLCwJ9cUkugyk2nuhbv3+mJvpLYYt+0+USMxE+oj+ey/lJEnhZw75x/OMcQ=="
    },
    "cssfilter": {
      "version": "0.0.10",
      "resolved": "https://registry.npmjs.org/cssfilter/-/cssfilter-0.0.10.tgz",
      "integrity": "sha1-xtJnJjKi5cg+AT5oZKQs6N79IK4="
    },
    "esbuild": {
      "version": "0.14.27",
      "requires": {
        "esbuild-android-64": "0.14.27",
        "esbuild-android-arm64": "0.14.27",
        "esbuild-darwin-64": "0.14.27",
        "esbuild-darwin-arm64": "0.14.27",
        "esbuild-freebsd-64": "0.14.27",
        "esbuild-freebsd-arm64": "0.14.27",
        "esbuild-linux-32": "0.14.27",
        "esbuild-linux-64": "0.14.27",
        "esbuild-linux-arm": "0.14.27",
        "esbuild-linux-arm64": "0.14.27",
        "esbuild-linux-mips64le": "0.14.27",
        "esbuild-linux-ppc64le": "0.14.27",
        "esbuild-linux-riscv64": "0.14.27",
        "esbuild-linux-s390x": "0.14.27",
        "esbuild-netbsd-64": "0.14.27",
        "esbuild-openbsd-64": "0.14.27",
        "esbuild-sunos-64": "0.14.27",
        "esbuild-windows-32": "0.14.27",
        "esbuild-windows-64": "0.14.27",
        "esbuild-windows-arm64": "0.14.27"
      }
    },
    "esbuild-darwin-64": {
      "version": "0.14.27",
      "optional": true
    },
    "fill-range": {
      "version": "7.0.1",
      "devOptional": true,
      "requires": {
        "to-regex-range": "^5.0.1"
      }
    },
    "focus-trap": {
      "version": "6.9.4",
      "resolved": "https://registry.npmjs.org/focus-trap/-/focus-trap-6.9.4.tgz",
      "integrity": "sha512-v2NTsZe2FF59Y+sDykKY+XjqZ0cPfhq/hikWVL88BqLivnNiEffAsac6rP6H45ff9wG9LL5ToiDqrLEP9GX9mw==",
      "requires": {
        "tabbable": "^5.3.3"
      }
    },
    "form-request-submit-polyfill": {
      "version": "2.0.0"
    },
    "fsevents": {
      "version": "2.3.2",
      "optional": true
    },
    "function-bind": {
      "version": "1.1.1"
    },
    "glob-parent": {
      "version": "5.1.2",
      "devOptional": true,
      "requires": {
        "is-glob": "^4.0.1"
      }
    },
    "has": {
      "version": "1.0.3",
      "requires": {
        "function-bind": "^1.1.1"
      }
    },
    "idb": {
      "version": "7.0.1",
      "resolved": "https://registry.npmjs.org/idb/-/idb-7.0.1.tgz",
      "integrity": "sha512-UUxlE7vGWK5RfB/fDwEGgRf84DY/ieqNha6msMV99UsEMQhJ1RwbCd8AYBj3QMgnE3VZnfQvm4oKVCJTYlqIgg=="
    },
    "immutable": {
      "version": "4.0.0",
      "devOptional": true
    },
    "is-arrayish": {
      "version": "0.3.2",
      "resolved": "https://registry.npmjs.org/is-arrayish/-/is-arrayish-0.3.2.tgz",
      "integrity": "sha512-eVRqCvVlZbuw3GrM63ovNSNAeA1K16kaR/LRY/92w0zxQ5/1YzwblUX652i4Xs9RwAGjW9d9y6X88t8OaAJfWQ=="
    },
    "is-binary-path": {
      "version": "2.1.0",
      "devOptional": true,
      "requires": {
        "binary-extensions": "^2.0.0"
      }
    },
    "is-core-module": {
      "version": "2.8.1",
      "requires": {
        "has": "^1.0.3"
      }
    },
    "is-extglob": {
      "version": "2.1.1",
      "devOptional": true
    },
    "is-glob": {
      "version": "4.0.3",
      "devOptional": true,
      "requires": {
        "is-extglob": "^2.1.1"
      }
    },
    "is-number": {
      "version": "7.0.0",
      "devOptional": true
    },
    "lodash-es": {
      "version": "4.17.21"
    },
    "lodash.isplainobject": {
      "version": "4.0.6",
      "resolved": "https://registry.npmjs.org/lodash.isplainobject/-/lodash.isplainobject-4.0.6.tgz",
      "integrity": "sha1-fFJqUtibRcRcxpC4gWO+BJf1UMs="
    },
    "luxon": {
      "version": "2.4.0",
      "resolved": "https://registry.npmjs.org/luxon/-/luxon-2.4.0.tgz",
      "integrity": "sha512-w+NAwWOUL5hO0SgwOHsMBAmZ15SoknmQXhSO0hIbJCAmPKSsGeK8MlmhYh2w6Iib38IxN2M+/ooXWLbeis7GuA=="
    },
    "nanoid": {
      "version": "3.3.1"
    },
    "normalize-path": {
      "version": "3.0.0",
      "devOptional": true
    },
    "path-parse": {
      "version": "1.0.7"
    },
    "picocolors": {
      "version": "1.0.0"
    },
    "picomatch": {
      "version": "2.3.1",
      "devOptional": true
    },
    "postcss": {
      "version": "8.4.11",
      "requires": {
        "nanoid": "^3.3.1",
        "picocolors": "^1.0.0",
        "source-map-js": "^1.0.2"
      }
    },
    "readdirp": {
      "version": "3.6.0",
      "devOptional": true,
      "requires": {
        "picomatch": "^2.2.1"
      }
    },
    "resolve": {
      "version": "1.22.0",
      "requires": {
        "is-core-module": "^2.8.1",
        "path-parse": "^1.0.7",
        "supports-preserve-symlinks-flag": "^1.0.0"
      }
    },
    "rollup": {
      "version": "2.70.1",
      "requires": {
        "fsevents": "~2.3.2"
      }
    },
    "sass": {
      "version": "1.49.9",
      "devOptional": true,
      "requires": {
        "chokidar": ">=3.0.0 <4.0.0",
        "immutable": "^4.0.0",
        "source-map-js": ">=0.6.2 <2.0.0"
      }
    },
    "simple-swizzle": {
      "version": "0.2.2",
      "resolved": "https://registry.npmjs.org/simple-swizzle/-/simple-swizzle-0.2.2.tgz",
      "integrity": "sha512-JA//kQgZtbuY83m+xT+tXJkmJncGMTFT+C+g2h2R9uxkYIrE2yy9sgmcLhCnw57/WSD+Eh3J97FPEDFnbXnDUg==",
      "requires": {
        "is-arrayish": "^0.3.1"
      }
    },
    "simplex-noise": {
      "version": "3.0.1"
    },
    "sortablejs": {
      "version": "1.15.0",
      "resolved": "https://registry.npmjs.org/sortablejs/-/sortablejs-1.15.0.tgz",
      "integrity": "sha512-bv9qgVMjUMf89wAvM6AxVvS/4MX3sPeN0+agqShejLU5z5GX4C75ow1O2e5k4L6XItUyAK3gH6AxSbXrOM5e8w=="
    },
    "source-map-js": {
      "version": "1.0.2"
    },
    "supports-preserve-symlinks-flag": {
      "version": "1.0.0"
    },
    "tabbable": {
      "version": "5.3.3",
      "resolved": "https://registry.npmjs.org/tabbable/-/tabbable-5.3.3.tgz",
      "integrity": "sha512-QD9qKY3StfbZqWOPLp0++pOrAVb/HbUi5xCc8cUo4XjP19808oaMiDzn0leBY5mCespIBM0CIZePzZjgzR83kA=="
    },
    "to-regex-range": {
      "version": "5.0.1",
      "devOptional": true,
      "requires": {
        "is-number": "^7.0.0"
      }
    },
    "tslib": {
      "version": "2.3.1",
      "resolved": "https://registry.npmjs.org/tslib/-/tslib-2.3.1.tgz",
      "integrity": "sha512-77EbyPPpMz+FRFRuAFlWMtmgUWGe9UOG2Z25NqCwiIjRhOf5iKGuzSe5P2w1laq+FkRy4p+PCuVkJSGkzTEKVw=="
    },
    "typescript": {
      "version": "4.6.2"
    },
    "vite": {
      "version": "2.8.6",
      "requires": {
        "esbuild": "^0.14.14",
        "fsevents": "~2.3.2",
        "postcss": "^8.4.6",
        "resolve": "^1.22.0",
        "rollup": "^2.59.0"
      }
    },
    "xss": {
      "version": "1.0.11",
      "resolved": "https://registry.npmjs.org/xss/-/xss-1.0.11.tgz",
      "integrity": "sha512-EimjrjThZeK2MO7WKR9mN5ZC1CSqivSl55wvUK5EtU6acf0rzEE1pN+9ZDrFXJ82BRp3JL38pPE6S4o/rpp1zQ==",
      "requires": {
        "commander": "^2.20.3",
        "cssfilter": "0.0.10"
      }
    }
  }
}
